
Microsoft Visual Studio Solution File, Format Version 12.00
# Visual Studio Version 16
VisualStudioVersion = 16.0.29920.165
MinimumVisualStudioVersion = 10.0.40219.1
Project("{FAE04EC0-301F-11D3-BF4B-00C04F79EFBC}") = "RailwayStraightening", "RailwayStraightening.csproj", "{E56096C3-B7E8-4D57-9616-74996E8952AB}"
EndProject
Project("{FAE04EC0-301F-11D3-BF4B-00C04F79EFBC}") = "Server", "..\Server\Server.csproj", "{89089A12-981B-4478-A597-EEF4868C84CD}"
EndProject
Global
	GlobalSection(SolutionConfigurationPlatforms) = preSolution
		Debug|Any CPU = Debug|Any CPU
		Release|Any CPU = Release|Any CPU
	EndGlobalSection
	GlobalSection(ProjectConfigurationPlatforms) = postSolution
		{E56096C3-B7E8-4D57-9616-74996E8952AB}.Debug|Any CPU.ActiveCfg = Debug|Any CPU
		{E56096C3-B7E8-4D57-9616-74996E8952AB}.Debug|Any CPU.Build.0 = Debug|Any CPU
		{E56096C3-B7E8-4D57-9616-74996E8952AB}.Release|Any CPU.ActiveCfg = Release|Any CPU
		{E56096C3-B7E8-4D57-9616-74996E8952AB}.Release|Any CPU.Build.0 = Release|Any CPU
		{89089A12-981B-4478-A597-EEF4868C84CD}.Debug|Any CPU.ActiveCfg = Debug|Any CPU
		{89089A12-981B-4478-A597-EEF4868C84CD}.Debug|Any CPU.Build.0 = Debug|Any CPU
		{89089A12-981B-4478-A597-EEF4868C84CD}.Release|Any CPU.ActiveCfg = Release|Any CPU
		{89089A12-981B-4478-A597-EEF4868C84CD}.Release|Any CPU.Build.0 = Release|Any CPU
	EndGlobalSection
	GlobalSection(SolutionProperties) = preSolution
		HideSolutionNode = FALSE
	EndGlobalSection
	GlobalSection(ExtensibilityGlobals) = postSolution
		SolutionGuid = {A4B1D5D3-370B-4E04-A3F6-0538EDAE00ED}
	EndGlobalSection
EndGlobal
